
Microsoft Visual Studio Solution File, Format Version 12.00
# Visual Studio 14
VisualStudioVersion = 14.0.25420.1
MinimumVisualStudioVersion = 10.0.40219.1
Project("{FAE04EC0-301F-11D3-BF4B-00C04F79EFBC}") = "WebAPIRevisited", "WebAPIRevisited\WebAPIRevisited.csproj", "{D99E4454-FF13-4648-9337-1AECEA02304D}"
EndProject
Project("{FAE04EC0-301F-11D3-BF4B-00C04F79EFBC}") = "EmployeeDataAccess", "EmployeeDataAccess\EmployeeDataAccess.csproj", "{1555F9D8-0512-4A61-B9D0-B7217D660303}"
EndProject
Global
	GlobalSection(SolutionConfigurationPlatforms) = preSolution
		Debug|Any CPU = Debug|Any CPU
		Release|Any CPU = Release|Any CPU
	EndGlobalSection
	GlobalSection(ProjectConfigurationPlatforms) = postSolution
		{D99E4454-FF13-4648-9337-1AECEA02304D}.Debug|Any CPU.ActiveCfg = Debug|Any CPU
		{D99E4454-FF13-4648-9337-1AECEA02304D}.Debug|Any CPU.Build.0 = Debug|Any CPU
		{D99E4454-FF13-4648-9337-1AECEA02304D}.Release|Any CPU.ActiveCfg = Release|Any CPU
		{D99E4454-FF13-4648-9337-1AECEA02304D}.Release|Any CPU.Build.0 = Release|Any CPU
		{1555F9D8-0512-4A61-B9D0-B7217D660303}.Debug|Any CPU.ActiveCfg = Debug|Any CPU
		{1555F9D8-0512-4A61-B9D0-B7217D660303}.Debug|Any CPU.Build.0 = Debug|Any CPU
		{1555F9D8-0512-4A61-B9D0-B7217D660303}.Release|Any CPU.ActiveCfg = Release|Any CPU
		{1555F9D8-0512-4A61-B9D0-B7217D660303}.Release|Any CPU.Build.0 = Release|Any CPU
	EndGlobalSection
	GlobalSection(SolutionProperties) = preSolution
		HideSolutionNode = FALSE
	EndGlobalSection
EndGlobal
